// !$*UTF8*$!
{
	archiveVersion = 1;
	classes = {
	};
	objectVersion = 46;
	objects = {

/* Begin PBXBuildFile section */
		042BCC3E1F2D6DD6007403FF /* Alamofire.framework in Embed Frameworks */ = {isa = PBXBuildFile; fileRef = 04D074E01F2D0346007E20D6 /* Alamofire.framework */; settings = {ATTRIBUTES = (CodeSignOnCopy, RemoveHeadersOnCopy, ); }; };
		044194591F2D092500AFB904 /* Shared.framework in Frameworks */ = {isa = PBXBuildFile; fileRef = 044194501F2D092500AFB904 /* Shared.framework */; };
		044194601F2D092500AFB904 /* SharedTests.swift in Sources */ = {isa = PBXBuildFile; fileRef = 0441945F1F2D092500AFB904 /* SharedTests.swift */; };
		044194621F2D092500AFB904 /* Shared.h in Headers */ = {isa = PBXBuildFile; fileRef = 044194521F2D092500AFB904 /* Shared.h */; settings = {ATTRIBUTES = (Public, ); }; };
		044194651F2D092500AFB904 /* Shared.framework in Frameworks */ = {isa = PBXBuildFile; fileRef = 044194501F2D092500AFB904 /* Shared.framework */; };
		044194661F2D092500AFB904 /* Shared.framework in Embed Frameworks */ = {isa = PBXBuildFile; fileRef = 044194501F2D092500AFB904 /* Shared.framework */; settings = {ATTRIBUTES = (CodeSignOnCopy, RemoveHeadersOnCopy, ); }; };
		0441946F1F2D093C00AFB904 /* Model.xcdatamodeld in Sources */ = {isa = PBXBuildFile; fileRef = 0441946D1F2D093C00AFB904 /* Model.xcdatamodeld */; };
		044194711F2D09F100AFB904 /* Model.swift in Sources */ = {isa = PBXBuildFile; fileRef = 044194701F2D09F100AFB904 /* Model.swift */; };
		044194741F2D0AB800AFB904 /* FeedItem+CoreDataClass.swift in Sources */ = {isa = PBXBuildFile; fileRef = 044194721F2D0AB800AFB904 /* FeedItem+CoreDataClass.swift */; };
		044194751F2D0AB800AFB904 /* FeedItem+CoreDataProperties.swift in Sources */ = {isa = PBXBuildFile; fileRef = 044194731F2D0AB800AFB904 /* FeedItem+CoreDataProperties.swift */; };
		044194761F2D0CB400AFB904 /* Services.framework in Frameworks */ = {isa = PBXBuildFile; fileRef = 04638ECF1F2CFD0F00E746A8 /* Services.framework */; };
		04638E821F2CFC5800E746A8 /* AppDelegate.swift in Sources */ = {isa = PBXBuildFile; fileRef = 04638E811F2CFC5800E746A8 /* AppDelegate.swift */; };
		04638E841F2CFC5800E746A8 /* FeedViewController.swift in Sources */ = {isa = PBXBuildFile; fileRef = 04638E831F2CFC5800E746A8 /* FeedViewController.swift */; };
		04638E861F2CFC5800E746A8 /* SecondViewController.swift in Sources */ = {isa = PBXBuildFile; fileRef = 04638E851F2CFC5800E746A8 /* SecondViewController.swift */; };
		04638E891F2CFC5800E746A8 /* Main.storyboard in Resources */ = {isa = PBXBuildFile; fileRef = 04638E871F2CFC5800E746A8 /* Main.storyboard */; };
		04638E8B1F2CFC5800E746A8 /* Assets.xcassets in Resources */ = {isa = PBXBuildFile; fileRef = 04638E8A1F2CFC5800E746A8 /* Assets.xcassets */; };
		04638E8E1F2CFC5800E746A8 /* LaunchScreen.storyboard in Resources */ = {isa = PBXBuildFile; fileRef = 04638E8C1F2CFC5800E746A8 /* LaunchScreen.storyboard */; };
		04638E991F2CFC5800E746A8 /* More2LifeTests.swift in Sources */ = {isa = PBXBuildFile; fileRef = 04638E981F2CFC5800E746A8 /* More2LifeTests.swift */; };
		04638EA41F2CFC5800E746A8 /* More2LifeUITests.swift in Sources */ = {isa = PBXBuildFile; fileRef = 04638EA31F2CFC5800E746A8 /* More2LifeUITests.swift */; };
		04638ED81F2CFD0F00E746A8 /* Services.framework in Frameworks */ = {isa = PBXBuildFile; fileRef = 04638ECF1F2CFD0F00E746A8 /* Services.framework */; };
		04638EDF1F2CFD0F00E746A8 /* ServicesTests.swift in Sources */ = {isa = PBXBuildFile; fileRef = 04638EDE1F2CFD0F00E746A8 /* ServicesTests.swift */; };
		04638EE11F2CFD0F00E746A8 /* Services.h in Headers */ = {isa = PBXBuildFile; fileRef = 04638ED11F2CFD0F00E746A8 /* Services.h */; settings = {ATTRIBUTES = (Public, ); }; };
		04638EE41F2CFD0F00E746A8 /* Services.framework in Frameworks */ = {isa = PBXBuildFile; fileRef = 04638ECF1F2CFD0F00E746A8 /* Services.framework */; };
		04638EE51F2CFD0F00E746A8 /* Services.framework in Embed Frameworks */ = {isa = PBXBuildFile; fileRef = 04638ECF1F2CFD0F00E746A8 /* Services.framework */; settings = {ATTRIBUTES = (CodeSignOnCopy, RemoveHeadersOnCopy, ); }; };
		04638EEE1F2CFD2200E746A8 /* FeedItemService.swift in Sources */ = {isa = PBXBuildFile; fileRef = 04638EED1F2CFD2200E746A8 /* FeedItemService.swift */; };
		049C7AEF1F3F5402009BAD81 /* StoryFeedItem+CoreDataClass.swift in Sources */ = {isa = PBXBuildFile; fileRef = 049C7AED1F3F5402009BAD81 /* StoryFeedItem+CoreDataClass.swift */; };
		049C7AF01F3F5402009BAD81 /* StoryFeedItem+CoreDataProperties.swift in Sources */ = {isa = PBXBuildFile; fileRef = 049C7AEE1F3F5402009BAD81 /* StoryFeedItem+CoreDataProperties.swift */; };
		049C7AF51F3F58A8009BAD81 /* EventFeedItem+CoreDataClass.swift in Sources */ = {isa = PBXBuildFile; fileRef = 049C7AF11F3F58A8009BAD81 /* EventFeedItem+CoreDataClass.swift */; };
		049C7AF61F3F58A8009BAD81 /* EventFeedItem+CoreDataProperties.swift in Sources */ = {isa = PBXBuildFile; fileRef = 049C7AF21F3F58A8009BAD81 /* EventFeedItem+CoreDataProperties.swift */; };
		049C7AF71F3F58A8009BAD81 /* ListingFeedItem+CoreDataClass.swift in Sources */ = {isa = PBXBuildFile; fileRef = 049C7AF31F3F58A8009BAD81 /* ListingFeedItem+CoreDataClass.swift */; };
		049C7AF81F3F58A8009BAD81 /* ListingFeedItem+CoreDataProperties.swift in Sources */ = {isa = PBXBuildFile; fileRef = 049C7AF41F3F58A8009BAD81 /* ListingFeedItem+CoreDataProperties.swift */; };
		049C7AFB1F3F5927009BAD81 /* Product+CoreDataClass.swift in Sources */ = {isa = PBXBuildFile; fileRef = 049C7AF91F3F5927009BAD81 /* Product+CoreDataClass.swift */; };
		049C7AFC1F3F5927009BAD81 /* Product+CoreDataProperties.swift in Sources */ = {isa = PBXBuildFile; fileRef = 049C7AFA1F3F5927009BAD81 /* Product+CoreDataProperties.swift */; };
		049C7AFE1F3F6FCA009BAD81 /* CircleView.swift in Sources */ = {isa = PBXBuildFile; fileRef = 049C7AFD1F3F6FCA009BAD81 /* CircleView.swift */; };
		049C7B001F3F701F009BAD81 /* UIViewExtension.swift in Sources */ = {isa = PBXBuildFile; fileRef = 049C7AFF1F3F701F009BAD81 /* UIViewExtension.swift */; };
		049C7B021F3F9D61009BAD81 /* DetailViewController.swift in Sources */ = {isa = PBXBuildFile; fileRef = 049C7B011F3F9D61009BAD81 /* DetailViewController.swift */; };
		049C7B041F3FA442009BAD81 /* SplitViewController.swift in Sources */ = {isa = PBXBuildFile; fileRef = 049C7B031F3FA442009BAD81 /* SplitViewController.swift */; };
		049C7B061F3FBF12009BAD81 /* Color.swift in Sources */ = {isa = PBXBuildFile; fileRef = 049C7B051F3FBF12009BAD81 /* Color.swift */; };
		04C75C251F45E780005DFC3F /* Pay.framework in Frameworks */ = {isa = PBXBuildFile; fileRef = 04C75C241F45E780005DFC3F /* Pay.framework */; };
		04C75C261F45E780005DFC3F /* Pay.framework in Embed Frameworks */ = {isa = PBXBuildFile; fileRef = 04C75C241F45E780005DFC3F /* Pay.framework */; settings = {ATTRIBUTES = (CodeSignOnCopy, RemoveHeadersOnCopy, ); }; };
		04D074E11F2D0346007E20D6 /* Alamofire.framework in Frameworks */ = {isa = PBXBuildFile; fileRef = 04D074E01F2D0346007E20D6 /* Alamofire.framework */; };
		E20081071F561EB100F43D97 /* PriceButton.swift in Sources */ = {isa = PBXBuildFile; fileRef = E20081061F561EB100F43D97 /* PriceButton.swift */; };
		E27BDA811F54C53B00112A4C /* HalfModalPresentationController.swift in Sources */ = {isa = PBXBuildFile; fileRef = E27BDA801F54C53B00112A4C /* HalfModalPresentationController.swift */; };
		E27BDA851F54C54500112A4C /* HalfModalTransitioningDelegate.swift in Sources */ = {isa = PBXBuildFile; fileRef = E27BDA821F54C54500112A4C /* HalfModalTransitioningDelegate.swift */; };
		E27BDA891F54C66900112A4C /* BuyModalViewController.swift in Sources */ = {isa = PBXBuildFile; fileRef = E27BDA881F54C66900112A4C /* BuyModalViewController.swift */; };
		E27BDA8B1F56098A00112A4C /* MainButton.swift in Sources */ = {isa = PBXBuildFile; fileRef = E27BDA8A1F56098A00112A4C /* MainButton.swift */; };
/* End PBXBuildFile section */

/* Begin PBXContainerItemProxy section */
		0441945A1F2D092500AFB904 /* PBXContainerItemProxy */ = {
			isa = PBXContainerItemProxy;
			containerPortal = 04638E761F2CFC5700E746A8 /* Project object */;
			proxyType = 1;
			remoteGlobalIDString = 0441944F1F2D092500AFB904;
			remoteInfo = Shared;
		};
		0441945C1F2D092500AFB904 /* PBXContainerItemProxy */ = {
			isa = PBXContainerItemProxy;
			containerPortal = 04638E761F2CFC5700E746A8 /* Project object */;
			proxyType = 1;
			remoteGlobalIDString = 04638E7D1F2CFC5800E746A8;
			remoteInfo = More2Life;
		};
		044194631F2D092500AFB904 /* PBXContainerItemProxy */ = {
			isa = PBXContainerItemProxy;
			containerPortal = 04638E761F2CFC5700E746A8 /* Project object */;
			proxyType = 1;
			remoteGlobalIDString = 0441944F1F2D092500AFB904;
			remoteInfo = Shared;
		};
		04638E951F2CFC5800E746A8 /* PBXContainerItemProxy */ = {
			isa = PBXContainerItemProxy;
			containerPortal = 04638E761F2CFC5700E746A8 /* Project object */;
			proxyType = 1;
			remoteGlobalIDString = 04638E7D1F2CFC5800E746A8;
			remoteInfo = More2Life;
		};
		04638EA01F2CFC5800E746A8 /* PBXContainerItemProxy */ = {
			isa = PBXContainerItemProxy;
			containerPortal = 04638E761F2CFC5700E746A8 /* Project object */;
			proxyType = 1;
			remoteGlobalIDString = 04638E7D1F2CFC5800E746A8;
			remoteInfo = More2Life;
		};
		04638ED91F2CFD0F00E746A8 /* PBXContainerItemProxy */ = {
			isa = PBXContainerItemProxy;
			containerPortal = 04638E761F2CFC5700E746A8 /* Project object */;
			proxyType = 1;
			remoteGlobalIDString = 04638ECE1F2CFD0F00E746A8;
			remoteInfo = Services;
		};
		04638EDB1F2CFD0F00E746A8 /* PBXContainerItemProxy */ = {
			isa = PBXContainerItemProxy;
			containerPortal = 04638E761F2CFC5700E746A8 /* Project object */;
			proxyType = 1;
			remoteGlobalIDString = 04638E7D1F2CFC5800E746A8;
			remoteInfo = More2Life;
		};
		04638EE21F2CFD0F00E746A8 /* PBXContainerItemProxy */ = {
			isa = PBXContainerItemProxy;
			containerPortal = 04638E761F2CFC5700E746A8 /* Project object */;
			proxyType = 1;
			remoteGlobalIDString = 04638ECE1F2CFD0F00E746A8;
			remoteInfo = Services;
		};
/* End PBXContainerItemProxy section */

/* Begin PBXCopyFilesBuildPhase section */
		04638EE91F2CFD0F00E746A8 /* Embed Frameworks */ = {
			isa = PBXCopyFilesBuildPhase;
			buildActionMask = 2147483647;
			dstPath = "";
			dstSubfolderSpec = 10;
			files = (
				04638EE51F2CFD0F00E746A8 /* Services.framework in Embed Frameworks */,
				044194661F2D092500AFB904 /* Shared.framework in Embed Frameworks */,
				042BCC3E1F2D6DD6007403FF /* Alamofire.framework in Embed Frameworks */,
				04C75C261F45E780005DFC3F /* Pay.framework in Embed Frameworks */,
			);
			name = "Embed Frameworks";
			runOnlyForDeploymentPostprocessing = 0;
		};
/* End PBXCopyFilesBuildPhase section */

/* Begin PBXFileReference section */
		044194501F2D092500AFB904 /* Shared.framework */ = {isa = PBXFileReference; explicitFileType = wrapper.framework; includeInIndex = 0; path = Shared.framework; sourceTree = BUILT_PRODUCTS_DIR; };
		044194521F2D092500AFB904 /* Shared.h */ = {isa = PBXFileReference; lastKnownFileType = sourcecode.c.h; path = Shared.h; sourceTree = "<group>"; };
		044194531F2D092500AFB904 /* Info.plist */ = {isa = PBXFileReference; lastKnownFileType = text.plist.xml; path = Info.plist; sourceTree = "<group>"; };
		044194581F2D092500AFB904 /* SharedTests.xctest */ = {isa = PBXFileReference; explicitFileType = wrapper.cfbundle; includeInIndex = 0; path = SharedTests.xctest; sourceTree = BUILT_PRODUCTS_DIR; };
		0441945F1F2D092500AFB904 /* SharedTests.swift */ = {isa = PBXFileReference; lastKnownFileType = sourcecode.swift; path = SharedTests.swift; sourceTree = "<group>"; };
		044194611F2D092500AFB904 /* Info.plist */ = {isa = PBXFileReference; lastKnownFileType = text.plist.xml; path = Info.plist; sourceTree = "<group>"; };
		0441946E1F2D093C00AFB904 /* Model.xcdatamodel */ = {isa = PBXFileReference; lastKnownFileType = wrapper.xcdatamodel; path = Model.xcdatamodel; sourceTree = "<group>"; };
		044194701F2D09F100AFB904 /* Model.swift */ = {isa = PBXFileReference; fileEncoding = 4; lastKnownFileType = sourcecode.swift; path = Model.swift; sourceTree = "<group>"; };
		044194721F2D0AB800AFB904 /* FeedItem+CoreDataClass.swift */ = {isa = PBXFileReference; fileEncoding = 4; lastKnownFileType = sourcecode.swift; path = "FeedItem+CoreDataClass.swift"; sourceTree = "<group>"; };
		044194731F2D0AB800AFB904 /* FeedItem+CoreDataProperties.swift */ = {isa = PBXFileReference; fileEncoding = 4; lastKnownFileType = sourcecode.swift; path = "FeedItem+CoreDataProperties.swift"; sourceTree = "<group>"; };
		04638E7E1F2CFC5800E746A8 /* More2Life.app */ = {isa = PBXFileReference; explicitFileType = wrapper.application; includeInIndex = 0; path = More2Life.app; sourceTree = BUILT_PRODUCTS_DIR; };
		04638E811F2CFC5800E746A8 /* AppDelegate.swift */ = {isa = PBXFileReference; lastKnownFileType = sourcecode.swift; path = AppDelegate.swift; sourceTree = "<group>"; };
		04638E831F2CFC5800E746A8 /* FeedViewController.swift */ = {isa = PBXFileReference; lastKnownFileType = sourcecode.swift; path = FeedViewController.swift; sourceTree = "<group>"; };
		04638E851F2CFC5800E746A8 /* SecondViewController.swift */ = {isa = PBXFileReference; lastKnownFileType = sourcecode.swift; path = SecondViewController.swift; sourceTree = "<group>"; };
		04638E881F2CFC5800E746A8 /* Base */ = {isa = PBXFileReference; lastKnownFileType = file.storyboard; name = Base; path = Base.lproj/Main.storyboard; sourceTree = "<group>"; };
		04638E8A1F2CFC5800E746A8 /* Assets.xcassets */ = {isa = PBXFileReference; lastKnownFileType = folder.assetcatalog; path = Assets.xcassets; sourceTree = "<group>"; };
		04638E8D1F2CFC5800E746A8 /* Base */ = {isa = PBXFileReference; lastKnownFileType = file.storyboard; name = Base; path = Base.lproj/LaunchScreen.storyboard; sourceTree = "<group>"; };
		04638E8F1F2CFC5800E746A8 /* Info.plist */ = {isa = PBXFileReference; lastKnownFileType = text.plist.xml; path = Info.plist; sourceTree = "<group>"; };
		04638E941F2CFC5800E746A8 /* More2LifeTests.xctest */ = {isa = PBXFileReference; explicitFileType = wrapper.cfbundle; includeInIndex = 0; path = More2LifeTests.xctest; sourceTree = BUILT_PRODUCTS_DIR; };
		04638E981F2CFC5800E746A8 /* More2LifeTests.swift */ = {isa = PBXFileReference; lastKnownFileType = sourcecode.swift; path = More2LifeTests.swift; sourceTree = "<group>"; };
		04638E9A1F2CFC5800E746A8 /* Info.plist */ = {isa = PBXFileReference; lastKnownFileType = text.plist.xml; path = Info.plist; sourceTree = "<group>"; };
		04638E9F1F2CFC5800E746A8 /* More2LifeUITests.xctest */ = {isa = PBXFileReference; explicitFileType = wrapper.cfbundle; includeInIndex = 0; path = More2LifeUITests.xctest; sourceTree = BUILT_PRODUCTS_DIR; };
		04638EA31F2CFC5800E746A8 /* More2LifeUITests.swift */ = {isa = PBXFileReference; lastKnownFileType = sourcecode.swift; path = More2LifeUITests.swift; sourceTree = "<group>"; };
		04638EA51F2CFC5800E746A8 /* Info.plist */ = {isa = PBXFileReference; lastKnownFileType = text.plist.xml; path = Info.plist; sourceTree = "<group>"; };
		04638ECF1F2CFD0F00E746A8 /* Services.framework */ = {isa = PBXFileReference; explicitFileType = wrapper.framework; includeInIndex = 0; path = Services.framework; sourceTree = BUILT_PRODUCTS_DIR; };
		04638ED11F2CFD0F00E746A8 /* Services.h */ = {isa = PBXFileReference; lastKnownFileType = sourcecode.c.h; path = Services.h; sourceTree = "<group>"; };
		04638ED21F2CFD0F00E746A8 /* Info.plist */ = {isa = PBXFileReference; lastKnownFileType = text.plist.xml; path = Info.plist; sourceTree = "<group>"; };
		04638ED71F2CFD0F00E746A8 /* ServicesTests.xctest */ = {isa = PBXFileReference; explicitFileType = wrapper.cfbundle; includeInIndex = 0; path = ServicesTests.xctest; sourceTree = BUILT_PRODUCTS_DIR; };
		04638EDE1F2CFD0F00E746A8 /* ServicesTests.swift */ = {isa = PBXFileReference; lastKnownFileType = sourcecode.swift; path = ServicesTests.swift; sourceTree = "<group>"; };
		04638EE01F2CFD0F00E746A8 /* Info.plist */ = {isa = PBXFileReference; lastKnownFileType = text.plist.xml; path = Info.plist; sourceTree = "<group>"; };
		04638EED1F2CFD2200E746A8 /* FeedItemService.swift */ = {isa = PBXFileReference; fileEncoding = 4; lastKnownFileType = sourcecode.swift; path = FeedItemService.swift; sourceTree = "<group>"; };
		049C7AED1F3F5402009BAD81 /* StoryFeedItem+CoreDataClass.swift */ = {isa = PBXFileReference; fileEncoding = 4; lastKnownFileType = sourcecode.swift; path = "StoryFeedItem+CoreDataClass.swift"; sourceTree = "<group>"; };
		049C7AEE1F3F5402009BAD81 /* StoryFeedItem+CoreDataProperties.swift */ = {isa = PBXFileReference; fileEncoding = 4; lastKnownFileType = sourcecode.swift; path = "StoryFeedItem+CoreDataProperties.swift"; sourceTree = "<group>"; };
		049C7AF11F3F58A8009BAD81 /* EventFeedItem+CoreDataClass.swift */ = {isa = PBXFileReference; fileEncoding = 4; lastKnownFileType = sourcecode.swift; path = "EventFeedItem+CoreDataClass.swift"; sourceTree = "<group>"; };
		049C7AF21F3F58A8009BAD81 /* EventFeedItem+CoreDataProperties.swift */ = {isa = PBXFileReference; fileEncoding = 4; lastKnownFileType = sourcecode.swift; path = "EventFeedItem+CoreDataProperties.swift"; sourceTree = "<group>"; };
		049C7AF31F3F58A8009BAD81 /* ListingFeedItem+CoreDataClass.swift */ = {isa = PBXFileReference; fileEncoding = 4; lastKnownFileType = sourcecode.swift; path = "ListingFeedItem+CoreDataClass.swift"; sourceTree = "<group>"; };
		049C7AF41F3F58A8009BAD81 /* ListingFeedItem+CoreDataProperties.swift */ = {isa = PBXFileReference; fileEncoding = 4; lastKnownFileType = sourcecode.swift; path = "ListingFeedItem+CoreDataProperties.swift"; sourceTree = "<group>"; };
		049C7AF91F3F5927009BAD81 /* Product+CoreDataClass.swift */ = {isa = PBXFileReference; fileEncoding = 4; lastKnownFileType = sourcecode.swift; path = "Product+CoreDataClass.swift"; sourceTree = "<group>"; };
		049C7AFA1F3F5927009BAD81 /* Product+CoreDataProperties.swift */ = {isa = PBXFileReference; fileEncoding = 4; lastKnownFileType = sourcecode.swift; path = "Product+CoreDataProperties.swift"; sourceTree = "<group>"; };
		049C7AFD1F3F6FCA009BAD81 /* CircleView.swift */ = {isa = PBXFileReference; fileEncoding = 4; lastKnownFileType = sourcecode.swift; path = CircleView.swift; sourceTree = "<group>"; };
		049C7AFF1F3F701F009BAD81 /* UIViewExtension.swift */ = {isa = PBXFileReference; fileEncoding = 4; lastKnownFileType = sourcecode.swift; path = UIViewExtension.swift; sourceTree = "<group>"; };
		049C7B011F3F9D61009BAD81 /* DetailViewController.swift */ = {isa = PBXFileReference; fileEncoding = 4; lastKnownFileType = sourcecode.swift; path = DetailViewController.swift; sourceTree = "<group>"; };
		049C7B031F3FA442009BAD81 /* SplitViewController.swift */ = {isa = PBXFileReference; fileEncoding = 4; lastKnownFileType = sourcecode.swift; path = SplitViewController.swift; sourceTree = "<group>"; };
		049C7B051F3FBF12009BAD81 /* Color.swift */ = {isa = PBXFileReference; fileEncoding = 4; lastKnownFileType = sourcecode.swift; path = Color.swift; sourceTree = "<group>"; };
		04C75C241F45E780005DFC3F /* Pay.framework */ = {isa = PBXFileReference; explicitFileType = wrapper.framework; path = Pay.framework; sourceTree = BUILT_PRODUCTS_DIR; };
		04D074E01F2D0346007E20D6 /* Alamofire.framework */ = {isa = PBXFileReference; lastKnownFileType = wrapper.framework; path = Alamofire.framework; sourceTree = BUILT_PRODUCTS_DIR; };
		E20081061F561EB100F43D97 /* PriceButton.swift */ = {isa = PBXFileReference; fileEncoding = 4; lastKnownFileType = sourcecode.swift; name = PriceButton.swift; path = ../More2Life/PriceButton.swift; sourceTree = "<group>"; };
		E27BDA801F54C53B00112A4C /* HalfModalPresentationController.swift */ = {isa = PBXFileReference; fileEncoding = 4; lastKnownFileType = sourcecode.swift; path = HalfModalPresentationController.swift; sourceTree = "<group>"; };
		E27BDA821F54C54500112A4C /* HalfModalTransitioningDelegate.swift */ = {isa = PBXFileReference; fileEncoding = 4; lastKnownFileType = sourcecode.swift; path = HalfModalTransitioningDelegate.swift; sourceTree = "<group>"; };
		E27BDA881F54C66900112A4C /* BuyModalViewController.swift */ = {isa = PBXFileReference; fileEncoding = 4; lastKnownFileType = sourcecode.swift; path = BuyModalViewController.swift; sourceTree = "<group>"; };
		E27BDA8A1F56098A00112A4C /* MainButton.swift */ = {isa = PBXFileReference; fileEncoding = 4; lastKnownFileType = sourcecode.swift; name = MainButton.swift; path = ../More2Life/MainButton.swift; sourceTree = "<group>"; };
/* End PBXFileReference section */

/* Begin PBXFrameworksBuildPhase section */
		0441944C1F2D092500AFB904 /* Frameworks */ = {
			isa = PBXFrameworksBuildPhase;
			buildActionMask = 2147483647;
			files = (
				044194761F2D0CB400AFB904 /* Services.framework in Frameworks */,
			);
			runOnlyForDeploymentPostprocessing = 0;
		};
		044194551F2D092500AFB904 /* Frameworks */ = {
			isa = PBXFrameworksBuildPhase;
			buildActionMask = 2147483647;
			files = (
				044194591F2D092500AFB904 /* Shared.framework in Frameworks */,
			);
			runOnlyForDeploymentPostprocessing = 0;
		};
		04638E7B1F2CFC5800E746A8 /* Frameworks */ = {
			isa = PBXFrameworksBuildPhase;
			buildActionMask = 2147483647;
			files = (
				04638EE41F2CFD0F00E746A8 /* Services.framework in Frameworks */,
				044194651F2D092500AFB904 /* Shared.framework in Frameworks */,
				04C75C251F45E780005DFC3F /* Pay.framework in Frameworks */,
			);
			runOnlyForDeploymentPostprocessing = 0;
		};
		04638E911F2CFC5800E746A8 /* Frameworks */ = {
			isa = PBXFrameworksBuildPhase;
			buildActionMask = 2147483647;
			files = (
			);
			runOnlyForDeploymentPostprocessing = 0;
		};
		04638E9C1F2CFC5800E746A8 /* Frameworks */ = {
			isa = PBXFrameworksBuildPhase;
			buildActionMask = 2147483647;
			files = (
			);
			runOnlyForDeploymentPostprocessing = 0;
		};
		04638ECB1F2CFD0F00E746A8 /* Frameworks */ = {
			isa = PBXFrameworksBuildPhase;
			buildActionMask = 2147483647;
			files = (
				04D074E11F2D0346007E20D6 /* Alamofire.framework in Frameworks */,
			);
			runOnlyForDeploymentPostprocessing = 0;
		};
		04638ED41F2CFD0F00E746A8 /* Frameworks */ = {
			isa = PBXFrameworksBuildPhase;
			buildActionMask = 2147483647;
			files = (
				04638ED81F2CFD0F00E746A8 /* Services.framework in Frameworks */,
			);
			runOnlyForDeploymentPostprocessing = 0;
		};
/* End PBXFrameworksBuildPhase section */

/* Begin PBXGroup section */
		044194511F2D092500AFB904 /* Shared */ = {
			isa = PBXGroup;
			children = (
				E27BDA8A1F56098A00112A4C /* MainButton.swift */,
				E20081061F561EB100F43D97 /* PriceButton.swift */,
				044194521F2D092500AFB904 /* Shared.h */,
				044194531F2D092500AFB904 /* Info.plist */,
				0441946D1F2D093C00AFB904 /* Model.xcdatamodeld */,
				044194701F2D09F100AFB904 /* Model.swift */,
				044194721F2D0AB800AFB904 /* FeedItem+CoreDataClass.swift */,
				044194731F2D0AB800AFB904 /* FeedItem+CoreDataProperties.swift */,
				049C7AED1F3F5402009BAD81 /* StoryFeedItem+CoreDataClass.swift */,
				049C7AEE1F3F5402009BAD81 /* StoryFeedItem+CoreDataProperties.swift */,
				049C7AF11F3F58A8009BAD81 /* EventFeedItem+CoreDataClass.swift */,
				049C7AF21F3F58A8009BAD81 /* EventFeedItem+CoreDataProperties.swift */,
				049C7AF31F3F58A8009BAD81 /* ListingFeedItem+CoreDataClass.swift */,
				049C7AF41F3F58A8009BAD81 /* ListingFeedItem+CoreDataProperties.swift */,
				049C7AF91F3F5927009BAD81 /* Product+CoreDataClass.swift */,
				049C7AFA1F3F5927009BAD81 /* Product+CoreDataProperties.swift */,
				049C7AFD1F3F6FCA009BAD81 /* CircleView.swift */,
				049C7AFF1F3F701F009BAD81 /* UIViewExtension.swift */,
				049C7B051F3FBF12009BAD81 /* Color.swift */,
			);
			path = Shared;
			sourceTree = "<group>";
		};
		0441945E1F2D092500AFB904 /* SharedTests */ = {
			isa = PBXGroup;
			children = (
				0441945F1F2D092500AFB904 /* SharedTests.swift */,
				044194611F2D092500AFB904 /* Info.plist */,
			);
			path = SharedTests;
			sourceTree = "<group>";
		};
		04638E751F2CFC5700E746A8 = {
			isa = PBXGroup;
			children = (
				04638E801F2CFC5800E746A8 /* More2Life */,
				04638E971F2CFC5800E746A8 /* More2LifeTests */,
				04638EA21F2CFC5800E746A8 /* More2LifeUITests */,
				044194511F2D092500AFB904 /* Shared */,
				0441945E1F2D092500AFB904 /* SharedTests */,
				04638ED01F2CFD0F00E746A8 /* Services */,
				04638EDD1F2CFD0F00E746A8 /* ServicesTests */,
				04638E7F1F2CFC5800E746A8 /* Products */,
				04638EEF1F2CFD3000E746A8 /* Frameworks */,
			);
			sourceTree = "<group>";
		};
		04638E7F1F2CFC5800E746A8 /* Products */ = {
			isa = PBXGroup;
			children = (
				04638E7E1F2CFC5800E746A8 /* More2Life.app */,
				04638E941F2CFC5800E746A8 /* More2LifeTests.xctest */,
				04638E9F1F2CFC5800E746A8 /* More2LifeUITests.xctest */,
				04638ECF1F2CFD0F00E746A8 /* Services.framework */,
				04638ED71F2CFD0F00E746A8 /* ServicesTests.xctest */,
				044194501F2D092500AFB904 /* Shared.framework */,
				044194581F2D092500AFB904 /* SharedTests.xctest */,
			);
			name = Products;
			sourceTree = "<group>";
		};
		04638E801F2CFC5800E746A8 /* More2Life */ = {
			isa = PBXGroup;
			children = (
				E27BDA7D1F54C4FE00112A4C /* HalfModal */,
				04638E811F2CFC5800E746A8 /* AppDelegate.swift */,
				04638E831F2CFC5800E746A8 /* FeedViewController.swift */,
				049C7B011F3F9D61009BAD81 /* DetailViewController.swift */,
				04638E851F2CFC5800E746A8 /* SecondViewController.swift */,
				04638E871F2CFC5800E746A8 /* Main.storyboard */,
				04638E8A1F2CFC5800E746A8 /* Assets.xcassets */,
				04638E8C1F2CFC5800E746A8 /* LaunchScreen.storyboard */,
				04638E8F1F2CFC5800E746A8 /* Info.plist */,
				049C7B031F3FA442009BAD81 /* SplitViewController.swift */,
				E27BDA881F54C66900112A4C /* BuyModalViewController.swift */,
			);
			path = More2Life;
			sourceTree = "<group>";
		};
		04638E971F2CFC5800E746A8 /* More2LifeTests */ = {
			isa = PBXGroup;
			children = (
				04638E981F2CFC5800E746A8 /* More2LifeTests.swift */,
				04638E9A1F2CFC5800E746A8 /* Info.plist */,
			);
			path = More2LifeTests;
			sourceTree = "<group>";
		};
		04638EA21F2CFC5800E746A8 /* More2LifeUITests */ = {
			isa = PBXGroup;
			children = (
				04638EA31F2CFC5800E746A8 /* More2LifeUITests.swift */,
				04638EA51F2CFC5800E746A8 /* Info.plist */,
			);
			path = More2LifeUITests;
			sourceTree = "<group>";
		};
		04638ED01F2CFD0F00E746A8 /* Services */ = {
			isa = PBXGroup;
			children = (
				04638ED11F2CFD0F00E746A8 /* Services.h */,
				04638ED21F2CFD0F00E746A8 /* Info.plist */,
				04638EED1F2CFD2200E746A8 /* FeedItemService.swift */,
			);
			path = Services;
			sourceTree = "<group>";
		};
		04638EDD1F2CFD0F00E746A8 /* ServicesTests */ = {
			isa = PBXGroup;
			children = (
				04638EDE1F2CFD0F00E746A8 /* ServicesTests.swift */,
				04638EE01F2CFD0F00E746A8 /* Info.plist */,
			);
			path = ServicesTests;
			sourceTree = "<group>";
		};
		04638EEF1F2CFD3000E746A8 /* Frameworks */ = {
			isa = PBXGroup;
			children = (
				04C75C241F45E780005DFC3F /* Pay.framework */,
				04D074E01F2D0346007E20D6 /* Alamofire.framework */,
			);
			name = Frameworks;
			sourceTree = "<group>";
		};
		E27BDA7D1F54C4FE00112A4C /* HalfModal */ = {
			isa = PBXGroup;
			children = (
				E27BDA7F1F54C52400112A4C /* Transition */,
				E27BDA7E1F54C51300112A4C /* Presentation */,
			);
			name = HalfModal;
			sourceTree = "<group>";
		};
		E27BDA7E1F54C51300112A4C /* Presentation */ = {
			isa = PBXGroup;
			children = (
				E27BDA801F54C53B00112A4C /* HalfModalPresentationController.swift */,
			);
			name = Presentation;
			sourceTree = "<group>";
		};
		E27BDA7F1F54C52400112A4C /* Transition */ = {
			isa = PBXGroup;
			children = (
				E27BDA821F54C54500112A4C /* HalfModalTransitioningDelegate.swift */,
			);
			name = Transition;
			sourceTree = "<group>";
		};
/* End PBXGroup section */

/* Begin PBXHeadersBuildPhase section */
		0441944D1F2D092500AFB904 /* Headers */ = {
			isa = PBXHeadersBuildPhase;
			buildActionMask = 2147483647;
			files = (
				044194621F2D092500AFB904 /* Shared.h in Headers */,
			);
			runOnlyForDeploymentPostprocessing = 0;
		};
		04638ECC1F2CFD0F00E746A8 /* Headers */ = {
			isa = PBXHeadersBuildPhase;
			buildActionMask = 2147483647;
			files = (
				04638EE11F2CFD0F00E746A8 /* Services.h in Headers */,
			);
			runOnlyForDeploymentPostprocessing = 0;
		};
/* End PBXHeadersBuildPhase section */

/* Begin PBXNativeTarget section */
		0441944F1F2D092500AFB904 /* Shared */ = {
			isa = PBXNativeTarget;
			buildConfigurationList = 0441946B1F2D092500AFB904 /* Build configuration list for PBXNativeTarget "Shared" */;
			buildPhases = (
				0441944B1F2D092500AFB904 /* Sources */,
				0441944C1F2D092500AFB904 /* Frameworks */,
				0441944D1F2D092500AFB904 /* Headers */,
				0441944E1F2D092500AFB904 /* Resources */,
			);
			buildRules = (
			);
			dependencies = (
			);
			name = Shared;
			productName = Shared;
			productReference = 044194501F2D092500AFB904 /* Shared.framework */;
			productType = "com.apple.product-type.framework";
		};
		044194571F2D092500AFB904 /* SharedTests */ = {
			isa = PBXNativeTarget;
			buildConfigurationList = 0441946C1F2D092500AFB904 /* Build configuration list for PBXNativeTarget "SharedTests" */;
			buildPhases = (
				044194541F2D092500AFB904 /* Sources */,
				044194551F2D092500AFB904 /* Frameworks */,
				044194561F2D092500AFB904 /* Resources */,
			);
			buildRules = (
			);
			dependencies = (
				0441945B1F2D092500AFB904 /* PBXTargetDependency */,
				0441945D1F2D092500AFB904 /* PBXTargetDependency */,
			);
			name = SharedTests;
			productName = SharedTests;
			productReference = 044194581F2D092500AFB904 /* SharedTests.xctest */;
			productType = "com.apple.product-type.bundle.unit-test";
		};
		04638E7D1F2CFC5800E746A8 /* More2Life */ = {
			isa = PBXNativeTarget;
			buildConfigurationList = 04638EA81F2CFC5800E746A8 /* Build configuration list for PBXNativeTarget "More2Life" */;
			buildPhases = (
				04638E7A1F2CFC5800E746A8 /* Sources */,
				04638E7B1F2CFC5800E746A8 /* Frameworks */,
				04638E7C1F2CFC5800E746A8 /* Resources */,
				04638EE91F2CFD0F00E746A8 /* Embed Frameworks */,
			);
			buildRules = (
			);
			dependencies = (
				04638EE31F2CFD0F00E746A8 /* PBXTargetDependency */,
				044194641F2D092500AFB904 /* PBXTargetDependency */,
			);
			name = More2Life;
			productName = More2Life;
			productReference = 04638E7E1F2CFC5800E746A8 /* More2Life.app */;
			productType = "com.apple.product-type.application";
		};
		04638E931F2CFC5800E746A8 /* More2LifeTests */ = {
			isa = PBXNativeTarget;
			buildConfigurationList = 04638EAB1F2CFC5800E746A8 /* Build configuration list for PBXNativeTarget "More2LifeTests" */;
			buildPhases = (
				04638E901F2CFC5800E746A8 /* Sources */,
				04638E911F2CFC5800E746A8 /* Frameworks */,
				04638E921F2CFC5800E746A8 /* Resources */,
			);
			buildRules = (
			);
			dependencies = (
				04638E961F2CFC5800E746A8 /* PBXTargetDependency */,
			);
			name = More2LifeTests;
			productName = More2LifeTests;
			productReference = 04638E941F2CFC5800E746A8 /* More2LifeTests.xctest */;
			productType = "com.apple.product-type.bundle.unit-test";
		};
		04638E9E1F2CFC5800E746A8 /* More2LifeUITests */ = {
			isa = PBXNativeTarget;
			buildConfigurationList = 04638EAE1F2CFC5800E746A8 /* Build configuration list for PBXNativeTarget "More2LifeUITests" */;
			buildPhases = (
				04638E9B1F2CFC5800E746A8 /* Sources */,
				04638E9C1F2CFC5800E746A8 /* Frameworks */,
				04638E9D1F2CFC5800E746A8 /* Resources */,
			);
			buildRules = (
			);
			dependencies = (
				04638EA11F2CFC5800E746A8 /* PBXTargetDependency */,
			);
			name = More2LifeUITests;
			productName = More2LifeUITests;
			productReference = 04638E9F1F2CFC5800E746A8 /* More2LifeUITests.xctest */;
			productType = "com.apple.product-type.bundle.ui-testing";
		};
		04638ECE1F2CFD0F00E746A8 /* Services */ = {
			isa = PBXNativeTarget;
			buildConfigurationList = 04638EE61F2CFD0F00E746A8 /* Build configuration list for PBXNativeTarget "Services" */;
			buildPhases = (
				04638ECA1F2CFD0F00E746A8 /* Sources */,
				04638ECB1F2CFD0F00E746A8 /* Frameworks */,
				04638ECC1F2CFD0F00E746A8 /* Headers */,
				04638ECD1F2CFD0F00E746A8 /* Resources */,
			);
			buildRules = (
			);
			dependencies = (
			);
			name = Services;
			productName = Services;
			productReference = 04638ECF1F2CFD0F00E746A8 /* Services.framework */;
			productType = "com.apple.product-type.framework";
		};
		04638ED61F2CFD0F00E746A8 /* ServicesTests */ = {
			isa = PBXNativeTarget;
			buildConfigurationList = 04638EEA1F2CFD0F00E746A8 /* Build configuration list for PBXNativeTarget "ServicesTests" */;
			buildPhases = (
				04638ED31F2CFD0F00E746A8 /* Sources */,
				04638ED41F2CFD0F00E746A8 /* Frameworks */,
				04638ED51F2CFD0F00E746A8 /* Resources */,
			);
			buildRules = (
			);
			dependencies = (
				04638EDA1F2CFD0F00E746A8 /* PBXTargetDependency */,
				04638EDC1F2CFD0F00E746A8 /* PBXTargetDependency */,
			);
			name = ServicesTests;
			productName = ServicesTests;
			productReference = 04638ED71F2CFD0F00E746A8 /* ServicesTests.xctest */;
			productType = "com.apple.product-type.bundle.unit-test";
		};
/* End PBXNativeTarget section */

/* Begin PBXProject section */
		04638E761F2CFC5700E746A8 /* Project object */ = {
			isa = PBXProject;
			attributes = {
				LastSwiftUpdateCheck = 0830;
				LastUpgradeCheck = 0830;
				ORGANIZATIONNAME = More2Life;
				TargetAttributes = {
					0441944F1F2D092500AFB904 = {
						CreatedOnToolsVersion = 8.3.2;
						DevelopmentTeam = 9WF89A89NX;
						LastSwiftMigration = 0830;
						ProvisioningStyle = Manual;
					};
					044194571F2D092500AFB904 = {
						CreatedOnToolsVersion = 8.3.2;
						DevelopmentTeam = 9WF89A89NX;
						ProvisioningStyle = Automatic;
						TestTargetID = 04638E7D1F2CFC5800E746A8;
					};
					04638E7D1F2CFC5800E746A8 = {
						CreatedOnToolsVersion = 8.3.2;
						DevelopmentTeam = 9WF89A89NX;
						ProvisioningStyle = Manual;
					};
					04638E931F2CFC5800E746A8 = {
						CreatedOnToolsVersion = 8.3.2;
						DevelopmentTeam = 9WF89A89NX;
						ProvisioningStyle = Automatic;
						TestTargetID = 04638E7D1F2CFC5800E746A8;
					};
					04638E9E1F2CFC5800E746A8 = {
						CreatedOnToolsVersion = 8.3.2;
						DevelopmentTeam = 9WF89A89NX;
						ProvisioningStyle = Automatic;
						TestTargetID = 04638E7D1F2CFC5800E746A8;
					};
					04638ECE1F2CFD0F00E746A8 = {
						CreatedOnToolsVersion = 8.3.2;
						LastSwiftMigration = 0830;
						ProvisioningStyle = Manual;
					};
					04638ED61F2CFD0F00E746A8 = {
						CreatedOnToolsVersion = 8.3.2;
						DevelopmentTeam = 9WF89A89NX;
						ProvisioningStyle = Automatic;
						TestTargetID = 04638E7D1F2CFC5800E746A8;
					};
				};
			};
			buildConfigurationList = 04638E791F2CFC5700E746A8 /* Build configuration list for PBXProject "More2Life" */;
			compatibilityVersion = "Xcode 3.2";
			developmentRegion = English;
			hasScannedForEncodings = 0;
			knownRegions = (
				en,
				Base,
			);
			mainGroup = 04638E751F2CFC5700E746A8;
			productRefGroup = 04638E7F1F2CFC5800E746A8 /* Products */;
			projectDirPath = "";
			projectRoot = "";
			targets = (
				04638E7D1F2CFC5800E746A8 /* More2Life */,
				04638E931F2CFC5800E746A8 /* More2LifeTests */,
				04638E9E1F2CFC5800E746A8 /* More2LifeUITests */,
				04638ECE1F2CFD0F00E746A8 /* Services */,
				04638ED61F2CFD0F00E746A8 /* ServicesTests */,
				0441944F1F2D092500AFB904 /* Shared */,
				044194571F2D092500AFB904 /* SharedTests */,
			);
		};
/* End PBXProject section */

/* Begin PBXResourcesBuildPhase section */
		0441944E1F2D092500AFB904 /* Resources */ = {
			isa = PBXResourcesBuildPhase;
			buildActionMask = 2147483647;
			files = (
			);
			runOnlyForDeploymentPostprocessing = 0;
		};
		044194561F2D092500AFB904 /* Resources */ = {
			isa = PBXResourcesBuildPhase;
			buildActionMask = 2147483647;
			files = (
			);
			runOnlyForDeploymentPostprocessing = 0;
		};
		04638E7C1F2CFC5800E746A8 /* Resources */ = {
			isa = PBXResourcesBuildPhase;
			buildActionMask = 2147483647;
			files = (
				04638E8E1F2CFC5800E746A8 /* LaunchScreen.storyboard in Resources */,
				04638E8B1F2CFC5800E746A8 /* Assets.xcassets in Resources */,
				04638E891F2CFC5800E746A8 /* Main.storyboard in Resources */,
			);
			runOnlyForDeploymentPostprocessing = 0;
		};
		04638E921F2CFC5800E746A8 /* Resources */ = {
			isa = PBXResourcesBuildPhase;
			buildActionMask = 2147483647;
			files = (
			);
			runOnlyForDeploymentPostprocessing = 0;
		};
		04638E9D1F2CFC5800E746A8 /* Resources */ = {
			isa = PBXResourcesBuildPhase;
			buildActionMask = 2147483647;
			files = (
			);
			runOnlyForDeploymentPostprocessing = 0;
		};
		04638ECD1F2CFD0F00E746A8 /* Resources */ = {
			isa = PBXResourcesBuildPhase;
			buildActionMask = 2147483647;
			files = (
			);
			runOnlyForDeploymentPostprocessing = 0;
		};
		04638ED51F2CFD0F00E746A8 /* Resources */ = {
			isa = PBXResourcesBuildPhase;
			buildActionMask = 2147483647;
			files = (
			);
			runOnlyForDeploymentPostprocessing = 0;
		};
/* End PBXResourcesBuildPhase section */

/* Begin PBXSourcesBuildPhase section */
		0441944B1F2D092500AFB904 /* Sources */ = {
			isa = PBXSourcesBuildPhase;
			buildActionMask = 2147483647;
			files = (
				049C7AEF1F3F5402009BAD81 /* StoryFeedItem+CoreDataClass.swift in Sources */,
				049C7AF61F3F58A8009BAD81 /* EventFeedItem+CoreDataProperties.swift in Sources */,
				049C7AFC1F3F5927009BAD81 /* Product+CoreDataProperties.swift in Sources */,
				0441946F1F2D093C00AFB904 /* Model.xcdatamodeld in Sources */,
				049C7B001F3F701F009BAD81 /* UIViewExtension.swift in Sources */,
				049C7AF81F3F58A8009BAD81 /* ListingFeedItem+CoreDataProperties.swift in Sources */,
				049C7AF51F3F58A8009BAD81 /* EventFeedItem+CoreDataClass.swift in Sources */,
				049C7AFB1F3F5927009BAD81 /* Product+CoreDataClass.swift in Sources */,
				049C7B061F3FBF12009BAD81 /* Color.swift in Sources */,
				049C7AF01F3F5402009BAD81 /* StoryFeedItem+CoreDataProperties.swift in Sources */,
				049C7AFE1F3F6FCA009BAD81 /* CircleView.swift in Sources */,
				044194741F2D0AB800AFB904 /* FeedItem+CoreDataClass.swift in Sources */,
				044194751F2D0AB800AFB904 /* FeedItem+CoreDataProperties.swift in Sources */,
				044194711F2D09F100AFB904 /* Model.swift in Sources */,
				049C7AF71F3F58A8009BAD81 /* ListingFeedItem+CoreDataClass.swift in Sources */,
			);
			runOnlyForDeploymentPostprocessing = 0;
		};
		044194541F2D092500AFB904 /* Sources */ = {
			isa = PBXSourcesBuildPhase;
			buildActionMask = 2147483647;
			files = (
				044194601F2D092500AFB904 /* SharedTests.swift in Sources */,
			);
			runOnlyForDeploymentPostprocessing = 0;
		};
		04638E7A1F2CFC5800E746A8 /* Sources */ = {
			isa = PBXSourcesBuildPhase;
			buildActionMask = 2147483647;
			files = (
				E27BDA851F54C54500112A4C /* HalfModalTransitioningDelegate.swift in Sources */,
				049C7B041F3FA442009BAD81 /* SplitViewController.swift in Sources */,
				E27BDA8B1F56098A00112A4C /* MainButton.swift in Sources */,
				04638E861F2CFC5800E746A8 /* SecondViewController.swift in Sources */,
				E27BDA811F54C53B00112A4C /* HalfModalPresentationController.swift in Sources */,
				04638E821F2CFC5800E746A8 /* AppDelegate.swift in Sources */,
				E27BDA891F54C66900112A4C /* BuyModalViewController.swift in Sources */,
				E20081071F561EB100F43D97 /* PriceButton.swift in Sources */,
				049C7B021F3F9D61009BAD81 /* DetailViewController.swift in Sources */,
				04638E841F2CFC5800E746A8 /* FeedViewController.swift in Sources */,
			);
			runOnlyForDeploymentPostprocessing = 0;
		};
		04638E901F2CFC5800E746A8 /* Sources */ = {
			isa = PBXSourcesBuildPhase;
			buildActionMask = 2147483647;
			files = (
				04638E991F2CFC5800E746A8 /* More2LifeTests.swift in Sources */,
			);
			runOnlyForDeploymentPostprocessing = 0;
		};
		04638E9B1F2CFC5800E746A8 /* Sources */ = {
			isa = PBXSourcesBuildPhase;
			buildActionMask = 2147483647;
			files = (
				04638EA41F2CFC5800E746A8 /* More2LifeUITests.swift in Sources */,
			);
			runOnlyForDeploymentPostprocessing = 0;
		};
		04638ECA1F2CFD0F00E746A8 /* Sources */ = {
			isa = PBXSourcesBuildPhase;
			buildActionMask = 2147483647;
			files = (
				04638EEE1F2CFD2200E746A8 /* FeedItemService.swift in Sources */,
			);
			runOnlyForDeploymentPostprocessing = 0;
		};
		04638ED31F2CFD0F00E746A8 /* Sources */ = {
			isa = PBXSourcesBuildPhase;
			buildActionMask = 2147483647;
			files = (
				04638EDF1F2CFD0F00E746A8 /* ServicesTests.swift in Sources */,
			);
			runOnlyForDeploymentPostprocessing = 0;
		};
/* End PBXSourcesBuildPhase section */

/* Begin PBXTargetDependency section */
		0441945B1F2D092500AFB904 /* PBXTargetDependency */ = {
			isa = PBXTargetDependency;
			target = 0441944F1F2D092500AFB904 /* Shared */;
			targetProxy = 0441945A1F2D092500AFB904 /* PBXContainerItemProxy */;
		};
		0441945D1F2D092500AFB904 /* PBXTargetDependency */ = {
			isa = PBXTargetDependency;
			target = 04638E7D1F2CFC5800E746A8 /* More2Life */;
			targetProxy = 0441945C1F2D092500AFB904 /* PBXContainerItemProxy */;
		};
		044194641F2D092500AFB904 /* PBXTargetDependency */ = {
			isa = PBXTargetDependency;
			target = 0441944F1F2D092500AFB904 /* Shared */;
			targetProxy = 044194631F2D092500AFB904 /* PBXContainerItemProxy */;
		};
		04638E961F2CFC5800E746A8 /* PBXTargetDependency */ = {
			isa = PBXTargetDependency;
			target = 04638E7D1F2CFC5800E746A8 /* More2Life */;
			targetProxy = 04638E951F2CFC5800E746A8 /* PBXContainerItemProxy */;
		};
		04638EA11F2CFC5800E746A8 /* PBXTargetDependency */ = {
			isa = PBXTargetDependency;
			target = 04638E7D1F2CFC5800E746A8 /* More2Life */;
			targetProxy = 04638EA01F2CFC5800E746A8 /* PBXContainerItemProxy */;
		};
		04638EDA1F2CFD0F00E746A8 /* PBXTargetDependency */ = {
			isa = PBXTargetDependency;
			target = 04638ECE1F2CFD0F00E746A8 /* Services */;
			targetProxy = 04638ED91F2CFD0F00E746A8 /* PBXContainerItemProxy */;
		};
		04638EDC1F2CFD0F00E746A8 /* PBXTargetDependency */ = {
			isa = PBXTargetDependency;
			target = 04638E7D1F2CFC5800E746A8 /* More2Life */;
			targetProxy = 04638EDB1F2CFD0F00E746A8 /* PBXContainerItemProxy */;
		};
		04638EE31F2CFD0F00E746A8 /* PBXTargetDependency */ = {
			isa = PBXTargetDependency;
			target = 04638ECE1F2CFD0F00E746A8 /* Services */;
			targetProxy = 04638EE21F2CFD0F00E746A8 /* PBXContainerItemProxy */;
		};
/* End PBXTargetDependency section */

/* Begin PBXVariantGroup section */
		04638E871F2CFC5800E746A8 /* Main.storyboard */ = {
			isa = PBXVariantGroup;
			children = (
				04638E881F2CFC5800E746A8 /* Base */,
			);
			name = Main.storyboard;
			sourceTree = "<group>";
		};
		04638E8C1F2CFC5800E746A8 /* LaunchScreen.storyboard */ = {
			isa = PBXVariantGroup;
			children = (
				04638E8D1F2CFC5800E746A8 /* Base */,
			);
			name = LaunchScreen.storyboard;
			sourceTree = "<group>";
		};
/* End PBXVariantGroup section */

/* Begin XCBuildConfiguration section */
		044194671F2D092500AFB904 /* Debug */ = {
			isa = XCBuildConfiguration;
			buildSettings = {
				CLANG_ENABLE_MODULES = YES;
				CODE_SIGN_IDENTITY = "";
				"CODE_SIGN_IDENTITY[sdk=iphoneos*]" = "";
				CURRENT_PROJECT_VERSION = 1;
				DEFINES_MODULE = YES;
				DEVELOPMENT_TEAM = 9WF89A89NX;
				DYLIB_COMPATIBILITY_VERSION = 1;
				DYLIB_CURRENT_VERSION = 1;
				DYLIB_INSTALL_NAME_BASE = "@rpath";
				INFOPLIST_FILE = Shared/Info.plist;
				INSTALL_PATH = "$(LOCAL_LIBRARY_DIR)/Frameworks";
				LD_RUNPATH_SEARCH_PATHS = "$(inherited) @executable_path/Frameworks @loader_path/Frameworks";
				PRODUCT_BUNDLE_IDENTIFIER = com.coachkalani.Shared;
				PRODUCT_NAME = "$(TARGET_NAME)";
				PROVISIONING_PROFILE_SPECIFIER = "";
				SKIP_INSTALL = YES;
				SWIFT_OPTIMIZATION_LEVEL = "-Onone";
				SWIFT_VERSION = 3.0;
				VERSIONING_SYSTEM = "apple-generic";
				VERSION_INFO_PREFIX = "";
			};
			name = Debug;
		};
		044194681F2D092500AFB904 /* Release */ = {
			isa = XCBuildConfiguration;
			buildSettings = {
				CLANG_ENABLE_MODULES = YES;
				CODE_SIGN_IDENTITY = "";
				"CODE_SIGN_IDENTITY[sdk=iphoneos*]" = "";
				CURRENT_PROJECT_VERSION = 1;
				DEFINES_MODULE = YES;
				DEVELOPMENT_TEAM = 9WF89A89NX;
				DYLIB_COMPATIBILITY_VERSION = 1;
				DYLIB_CURRENT_VERSION = 1;
				DYLIB_INSTALL_NAME_BASE = "@rpath";
				INFOPLIST_FILE = Shared/Info.plist;
				INSTALL_PATH = "$(LOCAL_LIBRARY_DIR)/Frameworks";
				LD_RUNPATH_SEARCH_PATHS = "$(inherited) @executable_path/Frameworks @loader_path/Frameworks";
				PRODUCT_BUNDLE_IDENTIFIER = com.coachkalani.Shared;
				PRODUCT_NAME = "$(TARGET_NAME)";
				PROVISIONING_PROFILE_SPECIFIER = "";
				SKIP_INSTALL = YES;
				SWIFT_VERSION = 3.0;
				VERSIONING_SYSTEM = "apple-generic";
				VERSION_INFO_PREFIX = "";
			};
			name = Release;
		};
		044194691F2D092500AFB904 /* Debug */ = {
			isa = XCBuildConfiguration;
			buildSettings = {
				ALWAYS_EMBED_SWIFT_STANDARD_LIBRARIES = YES;
				DEVELOPMENT_TEAM = 9WF89A89NX;
				INFOPLIST_FILE = SharedTests/Info.plist;
				LD_RUNPATH_SEARCH_PATHS = "$(inherited) @executable_path/Frameworks @loader_path/Frameworks";
				PRODUCT_BUNDLE_IDENTIFIER = com.coachkalani.SharedTests;
				PRODUCT_NAME = "$(TARGET_NAME)";
				SWIFT_VERSION = 3.0;
				TEST_HOST = "$(BUILT_PRODUCTS_DIR)/More2Life.app/More2Life";
			};
			name = Debug;
		};
		0441946A1F2D092500AFB904 /* Release */ = {
			isa = XCBuildConfiguration;
			buildSettings = {
				ALWAYS_EMBED_SWIFT_STANDARD_LIBRARIES = YES;
				DEVELOPMENT_TEAM = 9WF89A89NX;
				INFOPLIST_FILE = SharedTests/Info.plist;
				LD_RUNPATH_SEARCH_PATHS = "$(inherited) @executable_path/Frameworks @loader_path/Frameworks";
				PRODUCT_BUNDLE_IDENTIFIER = com.coachkalani.SharedTests;
				PRODUCT_NAME = "$(TARGET_NAME)";
				SWIFT_VERSION = 3.0;
				TEST_HOST = "$(BUILT_PRODUCTS_DIR)/More2Life.app/More2Life";
			};
			name = Release;
		};
		04638EA61F2CFC5800E746A8 /* Debug */ = {
			isa = XCBuildConfiguration;
			buildSettings = {
				ALWAYS_SEARCH_USER_PATHS = NO;
				CLANG_ANALYZER_NONNULL = YES;
				CLANG_ANALYZER_NUMBER_OBJECT_CONVERSION = YES_AGGRESSIVE;
				CLANG_CXX_LANGUAGE_STANDARD = "gnu++0x";
				CLANG_CXX_LIBRARY = "libc++";
				CLANG_ENABLE_MODULES = YES;
				CLANG_ENABLE_OBJC_ARC = YES;
				CLANG_WARN_BOOL_CONVERSION = YES;
				CLANG_WARN_CONSTANT_CONVERSION = YES;
				CLANG_WARN_DIRECT_OBJC_ISA_USAGE = YES_ERROR;
				CLANG_WARN_DOCUMENTATION_COMMENTS = YES;
				CLANG_WARN_EMPTY_BODY = YES;
				CLANG_WARN_ENUM_CONVERSION = YES;
				CLANG_WARN_INFINITE_RECURSION = YES;
				CLANG_WARN_INT_CONVERSION = YES;
				CLANG_WARN_OBJC_ROOT_CLASS = YES_ERROR;
				CLANG_WARN_SUSPICIOUS_MOVE = YES;
				CLANG_WARN_UNREACHABLE_CODE = YES;
				CLANG_WARN__DUPLICATE_METHOD_MATCH = YES;
				"CODE_SIGN_IDENTITY[sdk=iphoneos*]" = "iPhone Developer";
				COPY_PHASE_STRIP = NO;
				DEBUG_INFORMATION_FORMAT = dwarf;
				ENABLE_STRICT_OBJC_MSGSEND = YES;
				ENABLE_TESTABILITY = YES;
				GCC_C_LANGUAGE_STANDARD = gnu99;
				GCC_DYNAMIC_NO_PIC = NO;
				GCC_NO_COMMON_BLOCKS = YES;
				GCC_OPTIMIZATION_LEVEL = 0;
				GCC_PREPROCESSOR_DEFINITIONS = (
					"DEBUG=1",
					"$(inherited)",
				);
				GCC_WARN_64_TO_32_BIT_CONVERSION = YES;
				GCC_WARN_ABOUT_RETURN_TYPE = YES_ERROR;
				GCC_WARN_UNDECLARED_SELECTOR = YES;
				GCC_WARN_UNINITIALIZED_AUTOS = YES_AGGRESSIVE;
				GCC_WARN_UNUSED_FUNCTION = YES;
				GCC_WARN_UNUSED_VARIABLE = YES;
				IPHONEOS_DEPLOYMENT_TARGET = 10.3;
				MTL_ENABLE_DEBUG_INFO = YES;
				ONLY_ACTIVE_ARCH = YES;
				SDKROOT = iphoneos;
				SWIFT_ACTIVE_COMPILATION_CONDITIONS = DEBUG;
				SWIFT_OPTIMIZATION_LEVEL = "-Onone";
				TARGETED_DEVICE_FAMILY = "1,2";
			};
			name = Debug;
		};
		04638EA71F2CFC5800E746A8 /* Release */ = {
			isa = XCBuildConfiguration;
			buildSettings = {
				ALWAYS_SEARCH_USER_PATHS = NO;
				CLANG_ANALYZER_NONNULL = YES;
				CLANG_ANALYZER_NUMBER_OBJECT_CONVERSION = YES_AGGRESSIVE;
				CLANG_CXX_LANGUAGE_STANDARD = "gnu++0x";
				CLANG_CXX_LIBRARY = "libc++";
				CLANG_ENABLE_MODULES = YES;
				CLANG_ENABLE_OBJC_ARC = YES;
				CLANG_WARN_BOOL_CONVERSION = YES;
				CLANG_WARN_CONSTANT_CONVERSION = YES;
				CLANG_WARN_DIRECT_OBJC_ISA_USAGE = YES_ERROR;
				CLANG_WARN_DOCUMENTATION_COMMENTS = YES;
				CLANG_WARN_EMPTY_BODY = YES;
				CLANG_WARN_ENUM_CONVERSION = YES;
				CLANG_WARN_INFINITE_RECURSION = YES;
				CLANG_WARN_INT_CONVERSION = YES;
				CLANG_WARN_OBJC_ROOT_CLASS = YES_ERROR;
				CLANG_WARN_SUSPICIOUS_MOVE = YES;
				CLANG_WARN_UNREACHABLE_CODE = YES;
				CLANG_WARN__DUPLICATE_METHOD_MATCH = YES;
				"CODE_SIGN_IDENTITY[sdk=iphoneos*]" = "iPhone Developer";
				COPY_PHASE_STRIP = NO;
				DEBUG_INFORMATION_FORMAT = "dwarf-with-dsym";
				ENABLE_NS_ASSERTIONS = NO;
				ENABLE_STRICT_OBJC_MSGSEND = YES;
				GCC_C_LANGUAGE_STANDARD = gnu99;
				GCC_NO_COMMON_BLOCKS = YES;
				GCC_WARN_64_TO_32_BIT_CONVERSION = YES;
				GCC_WARN_ABOUT_RETURN_TYPE = YES_ERROR;
				GCC_WARN_UNDECLARED_SELECTOR = YES;
				GCC_WARN_UNINITIALIZED_AUTOS = YES_AGGRESSIVE;
				GCC_WARN_UNUSED_FUNCTION = YES;
				GCC_WARN_UNUSED_VARIABLE = YES;
				IPHONEOS_DEPLOYMENT_TARGET = 10.3;
				MTL_ENABLE_DEBUG_INFO = NO;
				SDKROOT = iphoneos;
				SWIFT_OPTIMIZATION_LEVEL = "-Owholemodule";
				TARGETED_DEVICE_FAMILY = "1,2";
				VALIDATE_PRODUCT = YES;
			};
			name = Release;
		};
		04638EA91F2CFC5800E746A8 /* Debug */ = {
			isa = XCBuildConfiguration;
			buildSettings = {
				ALWAYS_EMBED_SWIFT_STANDARD_LIBRARIES = YES;
				ASSETCATALOG_COMPILER_APPICON_NAME = AppIcon;
				DEVELOPMENT_TEAM = 9WF89A89NX;
				FRAMEWORK_SEARCH_PATHS = (
					"$(inherited)",
					"$(PROJECT_DIR)/mobile-buy-sdk-ios-3.0.6/build/Debug-iphoneos",
				);
				INFOPLIST_FILE = More2Life/Info.plist;
				LD_RUNPATH_SEARCH_PATHS = "$(inherited) @executable_path/Frameworks";
				PRODUCT_BUNDLE_IDENTIFIER = com.coachkalani.More2Life;
				PRODUCT_NAME = "$(TARGET_NAME)";
				PROVISIONING_PROFILE = "cf49b131-caa4-4f84-b21e-a3c162e8af9f";
				PROVISIONING_PROFILE_SPECIFIER = "match Development com.coachkalani.More2Life";
				SWIFT_VERSION = 3.0;
			};
			name = Debug;
		};
		04638EAA1F2CFC5800E746A8 /* Release */ = {
			isa = XCBuildConfiguration;
			buildSettings = {
				ALWAYS_EMBED_SWIFT_STANDARD_LIBRARIES = YES;
				ASSETCATALOG_COMPILER_APPICON_NAME = AppIcon;
				"CODE_SIGN_IDENTITY[sdk=iphoneos*]" = "iPhone Developer";
				DEVELOPMENT_TEAM = 9WF89A89NX;
				FRAMEWORK_SEARCH_PATHS = (
					"$(inherited)",
					"$(PROJECT_DIR)/mobile-buy-sdk-ios-3.0.6/build/Debug-iphoneos",
				);
				INFOPLIST_FILE = More2Life/Info.plist;
				LD_RUNPATH_SEARCH_PATHS = "$(inherited) @executable_path/Frameworks";
				PRODUCT_BUNDLE_IDENTIFIER = com.coachkalani.More2Life;
				PRODUCT_NAME = "$(TARGET_NAME)";
				PROVISIONING_PROFILE = "cf49b131-caa4-4f84-b21e-a3c162e8af9f";
				PROVISIONING_PROFILE_SPECIFIER = "match Development com.coachkalani.More2Life";
				SWIFT_VERSION = 3.0;
			};
			name = Release;
		};
		04638EAC1F2CFC5800E746A8 /* Debug */ = {
			isa = XCBuildConfiguration;
			buildSettings = {
				ALWAYS_EMBED_SWIFT_STANDARD_LIBRARIES = YES;
				BUNDLE_LOADER = "$(TEST_HOST)";
				DEVELOPMENT_TEAM = 9WF89A89NX;
				INFOPLIST_FILE = More2LifeTests/Info.plist;
				LD_RUNPATH_SEARCH_PATHS = "$(inherited) @executable_path/Frameworks @loader_path/Frameworks";
				PRODUCT_BUNDLE_IDENTIFIER = com.coachkalani.More2LifeTests;
				PRODUCT_NAME = "$(TARGET_NAME)";
				SWIFT_VERSION = 3.0;
				TEST_HOST = "$(BUILT_PRODUCTS_DIR)/More2Life.app/More2Life";
			};
			name = Debug;
		};
		04638EAD1F2CFC5800E746A8 /* Release */ = {
			isa = XCBuildConfiguration;
			buildSettings = {
				ALWAYS_EMBED_SWIFT_STANDARD_LIBRARIES = YES;
				BUNDLE_LOADER = "$(TEST_HOST)";
				DEVELOPMENT_TEAM = 9WF89A89NX;
				INFOPLIST_FILE = More2LifeTests/Info.plist;
				LD_RUNPATH_SEARCH_PATHS = "$(inherited) @executable_path/Frameworks @loader_path/Frameworks";
				PRODUCT_BUNDLE_IDENTIFIER = com.coachkalani.More2LifeTests;
				PRODUCT_NAME = "$(TARGET_NAME)";
				SWIFT_VERSION = 3.0;
				TEST_HOST = "$(BUILT_PRODUCTS_DIR)/More2Life.app/More2Life";
			};
			name = Release;
		};
		04638EAF1F2CFC5800E746A8 /* Debug */ = {
			isa = XCBuildConfiguration;
			buildSettings = {
				ALWAYS_EMBED_SWIFT_STANDARD_LIBRARIES = YES;
				DEVELOPMENT_TEAM = 9WF89A89NX;
				INFOPLIST_FILE = More2LifeUITests/Info.plist;
				LD_RUNPATH_SEARCH_PATHS = "$(inherited) @executable_path/Frameworks @loader_path/Frameworks";
				PRODUCT_BUNDLE_IDENTIFIER = com.coachkalani.More2LifeUITests;
				PRODUCT_NAME = "$(TARGET_NAME)";
				SWIFT_VERSION = 3.0;
				TEST_TARGET_NAME = More2Life;
			};
			name = Debug;
		};
		04638EB01F2CFC5800E746A8 /* Release */ = {
			isa = XCBuildConfiguration;
			buildSettings = {
				ALWAYS_EMBED_SWIFT_STANDARD_LIBRARIES = YES;
				DEVELOPMENT_TEAM = 9WF89A89NX;
				INFOPLIST_FILE = More2LifeUITests/Info.plist;
				LD_RUNPATH_SEARCH_PATHS = "$(inherited) @executable_path/Frameworks @loader_path/Frameworks";
				PRODUCT_BUNDLE_IDENTIFIER = com.coachkalani.More2LifeUITests;
				PRODUCT_NAME = "$(TARGET_NAME)";
				SWIFT_VERSION = 3.0;
				TEST_TARGET_NAME = More2Life;
			};
			name = Release;
		};
		04638EE71F2CFD0F00E746A8 /* Debug */ = {
			isa = XCBuildConfiguration;
			buildSettings = {
				CLANG_ENABLE_MODULES = YES;
				CODE_SIGN_IDENTITY = "";
				CURRENT_PROJECT_VERSION = 1;
				DEFINES_MODULE = YES;
				DEVELOPMENT_TEAM = "";
				DYLIB_COMPATIBILITY_VERSION = 1;
				DYLIB_CURRENT_VERSION = 1;
				DYLIB_INSTALL_NAME_BASE = "@rpath";
				FRAMEWORK_SEARCH_PATHS = "$(inherited)";
				INFOPLIST_FILE = Services/Info.plist;
				INSTALL_PATH = "$(LOCAL_LIBRARY_DIR)/Frameworks";
				LD_RUNPATH_SEARCH_PATHS = "$(inherited) @executable_path/Frameworks @loader_path/Frameworks";
				OTHER_SWIFT_FLAGS = "-D DEBUG";
				PRODUCT_BUNDLE_IDENTIFIER = com.coachkalani.Services;
				PRODUCT_NAME = "$(TARGET_NAME)";
				PROVISIONING_PROFILE_SPECIFIER = "";
				SKIP_INSTALL = YES;
				SWIFT_OPTIMIZATION_LEVEL = "-Onone";
				SWIFT_VERSION = 3.0;
				VERSIONING_SYSTEM = "apple-generic";
				VERSION_INFO_PREFIX = "";
			};
			name = Debug;
		};
		04638EE81F2CFD0F00E746A8 /* Release */ = {
			isa = XCBuildConfiguration;
			buildSettings = {
				CLANG_ENABLE_MODULES = YES;
				CODE_SIGN_IDENTITY = "";
				CURRENT_PROJECT_VERSION = 1;
				DEFINES_MODULE = YES;
				DEVELOPMENT_TEAM = "";
				DYLIB_COMPATIBILITY_VERSION = 1;
				DYLIB_CURRENT_VERSION = 1;
				DYLIB_INSTALL_NAME_BASE = "@rpath";
				FRAMEWORK_SEARCH_PATHS = "$(inherited)";
				INFOPLIST_FILE = Services/Info.plist;
				INSTALL_PATH = "$(LOCAL_LIBRARY_DIR)/Frameworks";
				LD_RUNPATH_SEARCH_PATHS = "$(inherited) @executable_path/Frameworks @loader_path/Frameworks";
				PRODUCT_BUNDLE_IDENTIFIER = com.coachkalani.Services;
				PRODUCT_NAME = "$(TARGET_NAME)";
				PROVISIONING_PROFILE_SPECIFIER = "";
				SKIP_INSTALL = YES;
				SWIFT_VERSION = 3.0;
				VERSIONING_SYSTEM = "apple-generic";
				VERSION_INFO_PREFIX = "";
			};
			name = Release;
		};
		04638EEB1F2CFD0F00E746A8 /* Debug */ = {
			isa = XCBuildConfiguration;
			buildSettings = {
				ALWAYS_EMBED_SWIFT_STANDARD_LIBRARIES = YES;
				DEVELOPMENT_TEAM = 9WF89A89NX;
				INFOPLIST_FILE = ServicesTests/Info.plist;
				LD_RUNPATH_SEARCH_PATHS = "$(inherited) @executable_path/Frameworks @loader_path/Frameworks";
				PRODUCT_BUNDLE_IDENTIFIER = com.coachkalani.ServicesTests;
				PRODUCT_NAME = "$(TARGET_NAME)";
				SWIFT_VERSION = 3.0;
				TEST_HOST = "$(BUILT_PRODUCTS_DIR)/More2Life.app/More2Life";
			};
			name = Debug;
		};
		04638EEC1F2CFD0F00E746A8 /* Release */ = {
			isa = XCBuildConfiguration;
			buildSettings = {
				ALWAYS_EMBED_SWIFT_STANDARD_LIBRARIES = YES;
				DEVELOPMENT_TEAM = 9WF89A89NX;
				INFOPLIST_FILE = ServicesTests/Info.plist;
				LD_RUNPATH_SEARCH_PATHS = "$(inherited) @executable_path/Frameworks @loader_path/Frameworks";
				PRODUCT_BUNDLE_IDENTIFIER = com.coachkalani.ServicesTests;
				PRODUCT_NAME = "$(TARGET_NAME)";
				SWIFT_VERSION = 3.0;
				TEST_HOST = "$(BUILT_PRODUCTS_DIR)/More2Life.app/More2Life";
			};
			name = Release;
		};
/* End XCBuildConfiguration section */

/* Begin XCConfigurationList section */
		0441946B1F2D092500AFB904 /* Build configuration list for PBXNativeTarget "Shared" */ = {
			isa = XCConfigurationList;
			buildConfigurations = (
				044194671F2D092500AFB904 /* Debug */,
				044194681F2D092500AFB904 /* Release */,
			);
			defaultConfigurationIsVisible = 0;
			defaultConfigurationName = Release;
		};
		0441946C1F2D092500AFB904 /* Build configuration list for PBXNativeTarget "SharedTests" */ = {
			isa = XCConfigurationList;
			buildConfigurations = (
				044194691F2D092500AFB904 /* Debug */,
				0441946A1F2D092500AFB904 /* Release */,
			);
			defaultConfigurationIsVisible = 0;
			defaultConfigurationName = Release;
		};
		04638E791F2CFC5700E746A8 /* Build configuration list for PBXProject "More2Life" */ = {
			isa = XCConfigurationList;
			buildConfigurations = (
				04638EA61F2CFC5800E746A8 /* Debug */,
				04638EA71F2CFC5800E746A8 /* Release */,
			);
			defaultConfigurationIsVisible = 0;
			defaultConfigurationName = Release;
		};
		04638EA81F2CFC5800E746A8 /* Build configuration list for PBXNativeTarget "More2Life" */ = {
			isa = XCConfigurationList;
			buildConfigurations = (
				04638EA91F2CFC5800E746A8 /* Debug */,
				04638EAA1F2CFC5800E746A8 /* Release */,
			);
			defaultConfigurationIsVisible = 0;
			defaultConfigurationName = Release;
		};
		04638EAB1F2CFC5800E746A8 /* Build configuration list for PBXNativeTarget "More2LifeTests" */ = {
			isa = XCConfigurationList;
			buildConfigurations = (
				04638EAC1F2CFC5800E746A8 /* Debug */,
				04638EAD1F2CFC5800E746A8 /* Release */,
			);
			defaultConfigurationIsVisible = 0;
			defaultConfigurationName = Release;
		};
		04638EAE1F2CFC5800E746A8 /* Build configuration list for PBXNativeTarget "More2LifeUITests" */ = {
			isa = XCConfigurationList;
			buildConfigurations = (
				04638EAF1F2CFC5800E746A8 /* Debug */,
				04638EB01F2CFC5800E746A8 /* Release */,
			);
			defaultConfigurationIsVisible = 0;
			defaultConfigurationName = Release;
		};
		04638EE61F2CFD0F00E746A8 /* Build configuration list for PBXNativeTarget "Services" */ = {
			isa = XCConfigurationList;
			buildConfigurations = (
				04638EE71F2CFD0F00E746A8 /* Debug */,
				04638EE81F2CFD0F00E746A8 /* Release */,
			);
			defaultConfigurationIsVisible = 0;
			defaultConfigurationName = Release;
		};
		04638EEA1F2CFD0F00E746A8 /* Build configuration list for PBXNativeTarget "ServicesTests" */ = {
			isa = XCConfigurationList;
			buildConfigurations = (
				04638EEB1F2CFD0F00E746A8 /* Debug */,
				04638EEC1F2CFD0F00E746A8 /* Release */,
			);
			defaultConfigurationIsVisible = 0;
			defaultConfigurationName = Release;
		};
/* End XCConfigurationList section */

/* Begin XCVersionGroup section */
		0441946D1F2D093C00AFB904 /* Model.xcdatamodeld */ = {
			isa = XCVersionGroup;
			children = (
				0441946E1F2D093C00AFB904 /* Model.xcdatamodel */,
			);
			currentVersion = 0441946E1F2D093C00AFB904 /* Model.xcdatamodel */;
			path = Model.xcdatamodeld;
			sourceTree = "<group>";
			versionGroupType = wrapper.xcdatamodel;
		};
/* End XCVersionGroup section */
	};
	rootObject = 04638E761F2CFC5700E746A8 /* Project object */;
}
